
Microsoft Visual Studio Solution File, Format Version 12.00
# Visual Studio Version 16
VisualStudioVersion = 16.0.30804.86
MinimumVisualStudioVersion = 15.0.26124.0
Project("{8BC9CEB8-8B4A-11D0-8D11-00A0C91BC942}") = "HIBP-Policy", "src\HIBP-Policy\HIBP-Policy.vcxproj", "{281CD031-1BBD-4C9D-B985-AEB904C837FF}"
EndProject
Project("{2150E333-8FDC-42A3-9474-1A3956D46DE8}") = "src", "src", "{ABCC2C7E-CDE0-494E-9323-FAAE0701E88B}"
EndProject
Global
	GlobalSection(SolutionConfigurationPlatforms) = preSolution
		Debug|Any CPU = Debug|Any CPU
		Debug|x64 = Debug|x64
		Debug|x86 = Debug|x86
		Release|Any CPU = Release|Any CPU
		Release|x64 = Release|x64
		Release|x86 = Release|x86
	EndGlobalSection
	GlobalSection(ProjectConfigurationPlatforms) = postSolution
		{281CD031-1BBD-4C9D-B985-AEB904C837FF}.Debug|Any CPU.ActiveCfg = Debug|Win32
		{281CD031-1BBD-4C9D-B985-AEB904C837FF}.Debug|x64.ActiveCfg = Debug|x64
		{281CD031-1BBD-4C9D-B985-AEB904C837FF}.Debug|x64.Build.0 = Debug|x64
		{281CD031-1BBD-4C9D-B985-AEB904C837FF}.Debug|x86.ActiveCfg = Debug|Win32
		{281CD031-1BBD-4C9D-B985-AEB904C837FF}.Debug|x86.Build.0 = Debug|Win32
		{281CD031-1BBD-4C9D-B985-AEB904C837FF}.Release|Any CPU.ActiveCfg = Release|Win32
		{281CD031-1BBD-4C9D-B985-AEB904C837FF}.Release|x64.ActiveCfg = Release|x64
		{281CD031-1BBD-4C9D-B985-AEB904C837FF}.Release|x64.Build.0 = Release|x64
		{281CD031-1BBD-4C9D-B985-AEB904C837FF}.Release|x86.ActiveCfg = Release|Win32
		{281CD031-1BBD-4C9D-B985-AEB904C837FF}.Release|x86.Build.0 = Release|Win32
	EndGlobalSection
	GlobalSection(SolutionProperties) = preSolution
		HideSolutionNode = FALSE
	EndGlobalSection
	GlobalSection(NestedProjects) = preSolution
		{281CD031-1BBD-4C9D-B985-AEB904C837FF} = {ABCC2C7E-CDE0-494E-9323-FAAE0701E88B}
	EndGlobalSection
	GlobalSection(ExtensibilityGlobals) = postSolution
		SolutionGuid = {B9938CA1-CC49-4751-B32B-BCF3C9E51ADE}
	EndGlobalSection
EndGlobal
